{
  "name": "learning-npm",
  "version": "1.0.0",
  "lockfileVersion": 1,
  "requires": true,
  "dependencies": {
    "bootstrap": {
      "version": "5.1.3",
      "resolved": "https://registry.npmjs.org/bootstrap/-/bootstrap-5.1.3.tgz",
      "integrity": "sha512-fcQztozJ8jToQWXxVuEyXWW+dSo8AiXWKwiSSrKWsRB/Qt+Ewwza+JWoLKiTuQLaEPhdNAJ7+Dosc9DOIqNy7Q=="
    },
    "date-format": {
      "version": "4.0.3",
      "resolved": "https://registry.npmjs.org/date-format/-/date-format-4.0.3.tgz",
      "integrity": "sha512-7P3FyqDcfeznLZp2b+OMitV9Sz2lUnsT87WaTat9nVwqsBkTzPG3lPLNwW3en6F4pHUiWzr6vb8CLhjdK9bcxQ=="
    }
  }
}
